
Microsoft Visual Studio Solution File, Format Version 12.00
# Visual Studio Version 17
VisualStudioVersion = 17.7.34031.279
MinimumVisualStudioVersion = 10.0.40219.1
Project("{FAE04EC0-301F-11D3-BF4B-00C04F79EFBC}") = "TicTacToe", "TicTacToe.csproj", "{009CE02C-B829-4D3C-87DD-605EF9137EFB}"
EndProject
Global
	GlobalSection(SolutionConfigurationPlatforms) = preSolution
		Debug|Any CPU = Debug|Any CPU
		Release|Any CPU = Release|Any CPU
	EndGlobalSection
	GlobalSection(ProjectConfigurationPlatforms) = postSolution
		{009CE02C-B829-4D3C-87DD-605EF9137EFB}.Debug|Any CPU.ActiveCfg = Debug|Any CPU
		{009CE02C-B829-4D3C-87DD-605EF9137EFB}.Debug|Any CPU.Build.0 = Debug|Any CPU
		{009CE02C-B829-4D3C-87DD-605EF9137EFB}.Release|Any CPU.ActiveCfg = Release|Any CPU
		{009CE02C-B829-4D3C-87DD-605EF9137EFB}.Release|Any CPU.Build.0 = Release|Any CPU
	EndGlobalSection
	GlobalSection(SolutionProperties) = preSolution
		HideSolutionNode = FALSE
	EndGlobalSection
	GlobalSection(ExtensibilityGlobals) = postSolution
		SolutionGuid = {F555C0F2-9AC3-4CC8-841D-860154B98FA8}
	EndGlobalSection
EndGlobal
